
Microsoft Visual Studio Solution File, Format Version 12.00
# Visual Studio 2012
Project("{FAE04EC0-301F-11D3-BF4B-00C04F79EFBC}") = "ParalaxViewPager", "ParalaxViewPager\ParalaxViewPager.csproj", "{7F6B3D11-D311-4C14-B8DE-2B2B386DBB3D}"
EndProject
Global
	GlobalSection(SolutionConfigurationPlatforms) = preSolution
		Debug|iPhoneSimulator = Debug|iPhoneSimulator
		Release|iPhone = Release|iPhone
		Release|iPhoneSimulator = Release|iPhoneSimulator
		Debug|iPhone = Debug|iPhone
	EndGlobalSection
	GlobalSection(ProjectConfigurationPlatforms) = postSolution
		{7F6B3D11-D311-4C14-B8DE-2B2B386DBB3D}.Debug|iPhone.ActiveCfg = Debug|iPhone
		{7F6B3D11-D311-4C14-B8DE-2B2B386DBB3D}.Debug|iPhone.Build.0 = Debug|iPhone
		{7F6B3D11-D311-4C14-B8DE-2B2B386DBB3D}.Debug|iPhoneSimulator.ActiveCfg = Debug|iPhoneSimulator
		{7F6B3D11-D311-4C14-B8DE-2B2B386DBB3D}.Debug|iPhoneSimulator.Build.0 = Debug|iPhoneSimulator
		{7F6B3D11-D311-4C14-B8DE-2B2B386DBB3D}.Release|iPhone.ActiveCfg = Release|iPhone
		{7F6B3D11-D311-4C14-B8DE-2B2B386DBB3D}.Release|iPhone.Build.0 = Release|iPhone
		{7F6B3D11-D311-4C14-B8DE-2B2B386DBB3D}.Release|iPhoneSimulator.ActiveCfg = Release|iPhoneSimulator
		{7F6B3D11-D311-4C14-B8DE-2B2B386DBB3D}.Release|iPhoneSimulator.Build.0 = Release|iPhoneSimulator
	EndGlobalSection
EndGlobal
